
Microsoft Visual Studio Solution File, Format Version 12.00
# Visual Studio Version 17
VisualStudioVersion = 17.3.32819.101
MinimumVisualStudioVersion = 10.0.40219.1
Project("{FAE04EC0-301F-11D3-BF4B-00C04F79EFBC}") = "Kapitel 2 uppgift 2.11", "Kapitel 2 uppgift 2.11\Kapitel 2 uppgift 2.11.csproj", "{5923397D-583C-48EA-B1F7-85DFDE4A10FB}"
EndProject
Global
	GlobalSection(SolutionConfigurationPlatforms) = preSolution
		Debug|Any CPU = Debug|Any CPU
		Release|Any CPU = Release|Any CPU
	EndGlobalSection
	GlobalSection(ProjectConfigurationPlatforms) = postSolution
		{5923397D-583C-48EA-B1F7-85DFDE4A10FB}.Debug|Any CPU.ActiveCfg = Debug|Any CPU
		{5923397D-583C-48EA-B1F7-85DFDE4A10FB}.Debug|Any CPU.Build.0 = Debug|Any CPU
		{5923397D-583C-48EA-B1F7-85DFDE4A10FB}.Release|Any CPU.ActiveCfg = Release|Any CPU
		{5923397D-583C-48EA-B1F7-85DFDE4A10FB}.Release|Any CPU.Build.0 = Release|Any CPU
	EndGlobalSection
	GlobalSection(SolutionProperties) = preSolution
		HideSolutionNode = FALSE
	EndGlobalSection
	GlobalSection(ExtensibilityGlobals) = postSolution
		SolutionGuid = {1BB3108D-A75F-4A15-8A27-BD4F6D0DBB1C}
	EndGlobalSection
EndGlobal
